
Microsoft Visual Studio Solution File, Format Version 12.00
# Visual Studio 15
VisualStudioVersion = 15.0.28307.168
MinimumVisualStudioVersion = 10.0.40219.1
Project("{8BC9CEB8-8B4A-11D0-8D11-00A0C91BC942}") = "SandBox", "SandBox\SandBox.vcxproj", "{66E43630-B719-4884-8C68-AE2D2E69F385}"
EndProject
Project("{8BC9CEB8-8B4A-11D0-8D11-00A0C91BC942}") = "Moon", "Moon\Moon.vcxproj", "{1283EA91-6F8B-4D3A-93BF-15877AB5A49B}"
EndProject
Global
	GlobalSection(SolutionConfigurationPlatforms) = preSolution
		Debug|x64 = Debug|x64
		Release|x64 = Release|x64
	EndGlobalSection
	GlobalSection(ProjectConfigurationPlatforms) = postSolution
		{1283EA91-6F8B-4D3A-93BF-15877AB5A49B}.Debug|x64.ActiveCfg = Debug|x64
		{1283EA91-6F8B-4D3A-93BF-15877AB5A49B}.Debug|x64.Build.0 = Debug|x64
		{1283EA91-6F8B-4D3A-93BF-15877AB5A49B}.Release|x64.ActiveCfg = Release|x64
		{1283EA91-6F8B-4D3A-93BF-15877AB5A49B}.Release|x64.Build.0 = Release|x64
		{66E43630-B719-4884-8C68-AE2D2E69F385}.Debug|x64.ActiveCfg = Debug|x64
		{66E43630-B719-4884-8C68-AE2D2E69F385}.Debug|x64.Build.0 = Debug|x64
		{66E43630-B719-4884-8C68-AE2D2E69F385}.Release|x64.ActiveCfg = Release|x64
		{66E43630-B719-4884-8C68-AE2D2E69F385}.Release|x64.Build.0 = Release|x64
	EndGlobalSection
	GlobalSection(SolutionProperties) = preSolution
		HideSolutionNode = FALSE
	EndGlobalSection
	GlobalSection(ExtensibilityGlobals) = postSolution
		SolutionGuid = {440F879E-6092-4903-A4FC-AFE5DC190876}
	EndGlobalSection
EndGlobal
